
Microsoft Visual Studio Solution File, Format Version 12.00
# Visual Studio Version 16
VisualStudioVersion = 16.0.31105.61
MinimumVisualStudioVersion = 10.0.40219.1
Project("{FAE04EC0-301F-11D3-BF4B-00C04F79EFBC}") = "AppBDNotas.Android", "AppBDNotas\AppBDNotas.Android\AppBDNotas.Android.csproj", "{AA50A2B0-6EDA-4178-A89B-9ACDB7E48E09}"
EndProject
Project("{FAE04EC0-301F-11D3-BF4B-00C04F79EFBC}") = "AppBDNotas.iOS", "AppBDNotas\AppBDNotas.iOS\AppBDNotas.iOS.csproj", "{D51CE7FA-DE87-42CD-A655-9E164FA7169F}"
EndProject
Project("{FAE04EC0-301F-11D3-BF4B-00C04F79EFBC}") = "AppBDNotas", "AppBDNotas\AppBDNotas\AppBDNotas.csproj", "{6ED04FC5-E883-44E1-B881-A1C3E0B39105}"
EndProject
Global
	GlobalSection(SolutionConfigurationPlatforms) = preSolution
		Debug|Any CPU = Debug|Any CPU
		Debug|iPhone = Debug|iPhone
		Debug|iPhoneSimulator = Debug|iPhoneSimulator
		Release|Any CPU = Release|Any CPU
		Release|iPhone = Release|iPhone
		Release|iPhoneSimulator = Release|iPhoneSimulator
	EndGlobalSection
	GlobalSection(ProjectConfigurationPlatforms) = postSolution
		{AA50A2B0-6EDA-4178-A89B-9ACDB7E48E09}.Debug|Any CPU.ActiveCfg = Debug|Any CPU
		{AA50A2B0-6EDA-4178-A89B-9ACDB7E48E09}.Debug|Any CPU.Build.0 = Debug|Any CPU
		{AA50A2B0-6EDA-4178-A89B-9ACDB7E48E09}.Debug|Any CPU.Deploy.0 = Debug|Any CPU
		{AA50A2B0-6EDA-4178-A89B-9ACDB7E48E09}.Debug|iPhone.ActiveCfg = Debug|Any CPU
		{AA50A2B0-6EDA-4178-A89B-9ACDB7E48E09}.Debug|iPhone.Build.0 = Debug|Any CPU
		{AA50A2B0-6EDA-4178-A89B-9ACDB7E48E09}.Debug|iPhone.Deploy.0 = Debug|Any CPU
		{AA50A2B0-6EDA-4178-A89B-9ACDB7E48E09}.Debug|iPhoneSimulator.ActiveCfg = Debug|Any CPU
		{AA50A2B0-6EDA-4178-A89B-9ACDB7E48E09}.Debug|iPhoneSimulator.Build.0 = Debug|Any CPU
		{AA50A2B0-6EDA-4178-A89B-9ACDB7E48E09}.Debug|iPhoneSimulator.Deploy.0 = Debug|Any CPU
		{AA50A2B0-6EDA-4178-A89B-9ACDB7E48E09}.Release|Any CPU.ActiveCfg = Release|Any CPU
		{AA50A2B0-6EDA-4178-A89B-9ACDB7E48E09}.Release|Any CPU.Build.0 = Release|Any CPU
		{AA50A2B0-6EDA-4178-A89B-9ACDB7E48E09}.Release|Any CPU.Deploy.0 = Release|Any CPU
		{AA50A2B0-6EDA-4178-A89B-9ACDB7E48E09}.Release|iPhone.ActiveCfg = Release|Any CPU
		{AA50A2B0-6EDA-4178-A89B-9ACDB7E48E09}.Release|iPhone.Build.0 = Release|Any CPU
		{AA50A2B0-6EDA-4178-A89B-9ACDB7E48E09}.Release|iPhone.Deploy.0 = Release|Any CPU
		{AA50A2B0-6EDA-4178-A89B-9ACDB7E48E09}.Release|iPhoneSimulator.ActiveCfg = Release|Any CPU
		{AA50A2B0-6EDA-4178-A89B-9ACDB7E48E09}.Release|iPhoneSimulator.Build.0 = Release|Any CPU
		{AA50A2B0-6EDA-4178-A89B-9ACDB7E48E09}.Release|iPhoneSimulator.Deploy.0 = Release|Any CPU
		{D51CE7FA-DE87-42CD-A655-9E164FA7169F}.Debug|Any CPU.ActiveCfg = Debug|iPhone
		{D51CE7FA-DE87-42CD-A655-9E164FA7169F}.Debug|Any CPU.Build.0 = Debug|iPhone
		{D51CE7FA-DE87-42CD-A655-9E164FA7169F}.Debug|Any CPU.Deploy.0 = Debug|iPhone
		{D51CE7FA-DE87-42CD-A655-9E164FA7169F}.Debug|iPhone.ActiveCfg = Debug|iPhone
		{D51CE7FA-DE87-42CD-A655-9E164FA7169F}.Debug|iPhone.Build.0 = Debug|iPhone
		{D51CE7FA-DE87-42CD-A655-9E164FA7169F}.Debug|iPhone.Deploy.0 = Debug|iPhone
		{D51CE7FA-DE87-42CD-A655-9E164FA7169F}.Debug|iPhoneSimulator.ActiveCfg = Debug|iPhoneSimulator
		{D51CE7FA-DE87-42CD-A655-9E164FA7169F}.Debug|iPhoneSimulator.Build.0 = Debug|iPhoneSimulator
		{D51CE7FA-DE87-42CD-A655-9E164FA7169F}.Debug|iPhoneSimulator.Deploy.0 = Debug|iPhoneSimulator
		{D51CE7FA-DE87-42CD-A655-9E164FA7169F}.Release|Any CPU.ActiveCfg = Release|iPhoneSimulator
		{D51CE7FA-DE87-42CD-A655-9E164FA7169F}.Release|Any CPU.Build.0 = Release|iPhoneSimulator
		{D51CE7FA-DE87-42CD-A655-9E164FA7169F}.Release|Any CPU.Deploy.0 = Release|iPhoneSimulator
		{D51CE7FA-DE87-42CD-A655-9E164FA7169F}.Release|iPhone.ActiveCfg = Release|iPhone
		{D51CE7FA-DE87-42CD-A655-9E164FA7169F}.Release|iPhone.Build.0 = Release|iPhone
		{D51CE7FA-DE87-42CD-A655-9E164FA7169F}.Release|iPhone.Deploy.0 = Release|iPhone
		{D51CE7FA-DE87-42CD-A655-9E164FA7169F}.Release|iPhoneSimulator.ActiveCfg = Release|iPhoneSimulator
		{D51CE7FA-DE87-42CD-A655-9E164FA7169F}.Release|iPhoneSimulator.Build.0 = Release|iPhoneSimulator
		{D51CE7FA-DE87-42CD-A655-9E164FA7169F}.Release|iPhoneSimulator.Deploy.0 = Release|iPhoneSimulator
		{6ED04FC5-E883-44E1-B881-A1C3E0B39105}.Debug|Any CPU.ActiveCfg = Debug|Any CPU
		{6ED04FC5-E883-44E1-B881-A1C3E0B39105}.Debug|Any CPU.Build.0 = Debug|Any CPU
		{6ED04FC5-E883-44E1-B881-A1C3E0B39105}.Debug|Any CPU.Deploy.0 = Debug|Any CPU
		{6ED04FC5-E883-44E1-B881-A1C3E0B39105}.Debug|iPhone.ActiveCfg = Debug|Any CPU
		{6ED04FC5-E883-44E1-B881-A1C3E0B39105}.Debug|iPhone.Build.0 = Debug|Any CPU
		{6ED04FC5-E883-44E1-B881-A1C3E0B39105}.Debug|iPhone.Deploy.0 = Debug|Any CPU
		{6ED04FC5-E883-44E1-B881-A1C3E0B39105}.Debug|iPhoneSimulator.ActiveCfg = Debug|Any CPU
		{6ED04FC5-E883-44E1-B881-A1C3E0B39105}.Debug|iPhoneSimulator.Build.0 = Debug|Any CPU
		{6ED04FC5-E883-44E1-B881-A1C3E0B39105}.Debug|iPhoneSimulator.Deploy.0 = Debug|Any CPU
		{6ED04FC5-E883-44E1-B881-A1C3E0B39105}.Release|Any CPU.ActiveCfg = Release|Any CPU
		{6ED04FC5-E883-44E1-B881-A1C3E0B39105}.Release|Any CPU.Build.0 = Release|Any CPU
		{6ED04FC5-E883-44E1-B881-A1C3E0B39105}.Release|Any CPU.Deploy.0 = Release|Any CPU
		{6ED04FC5-E883-44E1-B881-A1C3E0B39105}.Release|iPhone.ActiveCfg = Release|Any CPU
		{6ED04FC5-E883-44E1-B881-A1C3E0B39105}.Release|iPhone.Build.0 = Release|Any CPU
		{6ED04FC5-E883-44E1-B881-A1C3E0B39105}.Release|iPhone.Deploy.0 = Release|Any CPU
		{6ED04FC5-E883-44E1-B881-A1C3E0B39105}.Release|iPhoneSimulator.ActiveCfg = Release|Any CPU
		{6ED04FC5-E883-44E1-B881-A1C3E0B39105}.Release|iPhoneSimulator.Build.0 = Release|Any CPU
		{6ED04FC5-E883-44E1-B881-A1C3E0B39105}.Release|iPhoneSimulator.Deploy.0 = Release|Any CPU
	EndGlobalSection
	GlobalSection(SolutionProperties) = preSolution
		HideSolutionNode = FALSE
	EndGlobalSection
	GlobalSection(ExtensibilityGlobals) = postSolution
		SolutionGuid = {53EF6662-4D30-465F-A6A2-A4F8FEE4AA20}
	EndGlobalSection
EndGlobal
